
Microsoft Visual Studio Solution File, Format Version 12.00
Project("{FAE04EC0-301F-11D3-BF4B-00C04F79EFBC}") = "LiveGroupChat", "LiveGroupChat\LiveGroupChat.csproj", "{B8208664-A00B-4EB3-8B35-4E4FDB98F144}"
EndProject
Project("{FAE04EC0-301F-11D3-BF4B-00C04F79EFBC}") = "LiveGroupChat.Tests", "LiveGroupChat.Tests\LiveGroupChat.Tests.csproj", "{8894B7A6-6926-4D90-8805-45659CCAC69B}"
EndProject
Global
	GlobalSection(SolutionConfigurationPlatforms) = preSolution
		Debug|Any CPU = Debug|Any CPU
		Release|Any CPU = Release|Any CPU
	EndGlobalSection
	GlobalSection(ProjectConfigurationPlatforms) = postSolution
		{B8208664-A00B-4EB3-8B35-4E4FDB98F144}.Debug|Any CPU.ActiveCfg = Debug|Any CPU
		{B8208664-A00B-4EB3-8B35-4E4FDB98F144}.Debug|Any CPU.Build.0 = Debug|Any CPU
		{B8208664-A00B-4EB3-8B35-4E4FDB98F144}.Release|Any CPU.ActiveCfg = Release|Any CPU
		{B8208664-A00B-4EB3-8B35-4E4FDB98F144}.Release|Any CPU.Build.0 = Release|Any CPU
		{8894B7A6-6926-4D90-8805-45659CCAC69B}.Debug|Any CPU.ActiveCfg = Debug|Any CPU
		{8894B7A6-6926-4D90-8805-45659CCAC69B}.Debug|Any CPU.Build.0 = Debug|Any CPU
		{8894B7A6-6926-4D90-8805-45659CCAC69B}.Release|Any CPU.ActiveCfg = Release|Any CPU
		{8894B7A6-6926-4D90-8805-45659CCAC69B}.Release|Any CPU.Build.0 = Release|Any CPU
	EndGlobalSection
EndGlobal
